// !$*UTF8*$!
{
	archiveVersion = 1;
	classes = {
	};
	objectVersion = 46;
	objects = {

/* Begin PBXBuildFile section */
		9D5CE2DF1C121B840021BE0C /* ListDetailViewController.swift in Sources */ = {isa = PBXBuildFile; fileRef = 9D5CE2DE1C121B840021BE0C /* ListDetailViewController.swift */; };
		9D5CE2E21C1235950021BE0C /* NothingFoundCell.xib in Resources */ = {isa = PBXBuildFile; fileRef = 9D5CE2E01C1235950021BE0C /* NothingFoundCell.xib */; };
		9D5CE2E31C1235950021BE0C /* ListMovieCell.swift in Sources */ = {isa = PBXBuildFile; fileRef = 9D5CE2E11C1235950021BE0C /* ListMovieCell.swift */; };
		9D5CE2E61C1235A10021BE0C /* LoadingCell.xib in Resources */ = {isa = PBXBuildFile; fileRef = 9D5CE2E41C1235A10021BE0C /* LoadingCell.xib */; };
		9D5CE2E71C1235A10021BE0C /* ListMovieCell.xib in Resources */ = {isa = PBXBuildFile; fileRef = 9D5CE2E51C1235A10021BE0C /* ListMovieCell.xib */; };
		9D5CE2E91C15FCDB0021BE0C /* RottenTomatoesWebViewController.swift in Sources */ = {isa = PBXBuildFile; fileRef = 9D5CE2E81C15FCDB0021BE0C /* RottenTomatoesWebViewController.swift */; };
		9D8421AD1C0F656A0022D9A0 /* IMDbAPI.swift in Sources */ = {isa = PBXBuildFile; fileRef = 9D8421AC1C0F656A0022D9A0 /* IMDbAPI.swift */; };
		9D87F4F81C10DE0600A310A1 /* ListsManager.swift in Sources */ = {isa = PBXBuildFile; fileRef = 9D87F4F71C10DE0600A310A1 /* ListsManager.swift */; };
		9D87F4FA1C10DE2900A310A1 /* List.swift in Sources */ = {isa = PBXBuildFile; fileRef = 9D87F4F91C10DE2900A310A1 /* List.swift */; };
		9D87F4FE1C10E18800A310A1 /* ListsTableController.swift in Sources */ = {isa = PBXBuildFile; fileRef = 9D87F4FD1C10E18800A310A1 /* ListsTableController.swift */; };
		9D87F5001C10EAAE00A310A1 /* Movie.swift in Sources */ = {isa = PBXBuildFile; fileRef = 9D87F4FF1C10EAAE00A310A1 /* Movie.swift */; };
		9D87F5041C10FDC600A310A1 /* AddListController.swift in Sources */ = {isa = PBXBuildFile; fileRef = 9D87F5031C10FDC600A310A1 /* AddListController.swift */; };
		9DCD54021C0D549F00884627 /* AppDelegate.swift in Sources */ = {isa = PBXBuildFile; fileRef = 9DCD54011C0D549F00884627 /* AppDelegate.swift */; };
		9DCD54051C0D549F00884627 /* iOS_Final_Project.xcdatamodeld in Sources */ = {isa = PBXBuildFile; fileRef = 9DCD54031C0D549F00884627 /* iOS_Final_Project.xcdatamodeld */; };
		9DCD54071C0D549F00884627 /* SearchViewController.swift in Sources */ = {isa = PBXBuildFile; fileRef = 9DCD54061C0D549F00884627 /* SearchViewController.swift */; };
		9DCD540A1C0D549F00884627 /* Main.storyboard in Resources */ = {isa = PBXBuildFile; fileRef = 9DCD54081C0D549F00884627 /* Main.storyboard */; };
		9DCD540C1C0D549F00884627 /* Images.xcassets in Resources */ = {isa = PBXBuildFile; fileRef = 9DCD540B1C0D549F00884627 /* Images.xcassets */; };
		9DCD540F1C0D549F00884627 /* LaunchScreen.xib in Resources */ = {isa = PBXBuildFile; fileRef = 9DCD540D1C0D549F00884627 /* LaunchScreen.xib */; };
		9DCD541B1C0D549F00884627 /* iOS_Final_ProjectTests.swift in Sources */ = {isa = PBXBuildFile; fileRef = 9DCD541A1C0D549F00884627 /* iOS_Final_ProjectTests.swift */; };
/* End PBXBuildFile section */

/* Begin PBXContainerItemProxy section */
		9DCD54151C0D549F00884627 /* PBXContainerItemProxy */ = {
			isa = PBXContainerItemProxy;
			containerPortal = 9DCD53F41C0D549F00884627 /* Project object */;
			proxyType = 1;
			remoteGlobalIDString = 9DCD53FB1C0D549F00884627;
			remoteInfo = "iOS Final Project";
		};
/* End PBXContainerItemProxy section */

/* Begin PBXFileReference section */
		9D5CE2DE1C121B840021BE0C /* ListDetailViewController.swift */ = {isa = PBXFileReference; fileEncoding = 4; lastKnownFileType = sourcecode.swift; path = ListDetailViewController.swift; sourceTree = "<group>"; };
		9D5CE2E01C1235950021BE0C /* NothingFoundCell.xib */ = {isa = PBXFileReference; fileEncoding = 4; lastKnownFileType = file.xib; path = NothingFoundCell.xib; sourceTree = "<group>"; };
		9D5CE2E11C1235950021BE0C /* ListMovieCell.swift */ = {isa = PBXFileReference; fileEncoding = 4; lastKnownFileType = sourcecode.swift; path = ListMovieCell.swift; sourceTree = "<group>"; };
		9D5CE2E41C1235A10021BE0C /* LoadingCell.xib */ = {isa = PBXFileReference; fileEncoding = 4; lastKnownFileType = file.xib; path = LoadingCell.xib; sourceTree = "<group>"; };
		9D5CE2E51C1235A10021BE0C /* ListMovieCell.xib */ = {isa = PBXFileReference; fileEncoding = 4; lastKnownFileType = file.xib; path = ListMovieCell.xib; sourceTree = "<group>"; };
		9D5CE2E81C15FCDB0021BE0C /* RottenTomatoesWebViewController.swift */ = {isa = PBXFileReference; fileEncoding = 4; lastKnownFileType = sourcecode.swift; path = RottenTomatoesWebViewController.swift; sourceTree = "<group>"; };
		9D8421AC1C0F656A0022D9A0 /* IMDbAPI.swift */ = {isa = PBXFileReference; fileEncoding = 4; lastKnownFileType = sourcecode.swift; path = IMDbAPI.swift; sourceTree = "<group>"; };
		9D87F4F71C10DE0600A310A1 /* ListsManager.swift */ = {isa = PBXFileReference; fileEncoding = 4; lastKnownFileType = sourcecode.swift; path = ListsManager.swift; sourceTree = "<group>"; };
		9D87F4F91C10DE2900A310A1 /* List.swift */ = {isa = PBXFileReference; fileEncoding = 4; lastKnownFileType = sourcecode.swift; path = List.swift; sourceTree = "<group>"; };
		9D87F4FD1C10E18800A310A1 /* ListsTableController.swift */ = {isa = PBXFileReference; fileEncoding = 4; lastKnownFileType = sourcecode.swift; path = ListsTableController.swift; sourceTree = "<group>"; };
		9D87F4FF1C10EAAE00A310A1 /* Movie.swift */ = {isa = PBXFileReference; fileEncoding = 4; lastKnownFileType = sourcecode.swift; path = Movie.swift; sourceTree = "<group>"; };
		9D87F5031C10FDC600A310A1 /* AddListController.swift */ = {isa = PBXFileReference; fileEncoding = 4; lastKnownFileType = sourcecode.swift; path = AddListController.swift; sourceTree = "<group>"; };
		9DCD53FC1C0D549F00884627 /* iOS Final Project.app */ = {isa = PBXFileReference; explicitFileType = wrapper.application; includeInIndex = 0; path = "iOS Final Project.app"; sourceTree = BUILT_PRODUCTS_DIR; };
		9DCD54001C0D549F00884627 /* Info.plist */ = {isa = PBXFileReference; lastKnownFileType = text.plist.xml; path = Info.plist; sourceTree = "<group>"; };
		9DCD54011C0D549F00884627 /* AppDelegate.swift */ = {isa = PBXFileReference; lastKnownFileType = sourcecode.swift; path = AppDelegate.swift; sourceTree = "<group>"; };
		9DCD54041C0D549F00884627 /* iOS_Final_Project.xcdatamodel */ = {isa = PBXFileReference; lastKnownFileType = wrapper.xcdatamodel; path = iOS_Final_Project.xcdatamodel; sourceTree = "<group>"; };
		9DCD54061C0D549F00884627 /* SearchViewController.swift */ = {isa = PBXFileReference; lastKnownFileType = sourcecode.swift; path = SearchViewController.swift; sourceTree = "<group>"; };
		9DCD54091C0D549F00884627 /* Base */ = {isa = PBXFileReference; lastKnownFileType = file.storyboard; name = Base; path = Base.lproj/Main.storyboard; sourceTree = "<group>"; };
		9DCD540B1C0D549F00884627 /* Images.xcassets */ = {isa = PBXFileReference; lastKnownFileType = folder.assetcatalog; path = Images.xcassets; sourceTree = "<group>"; };
		9DCD540E1C0D549F00884627 /* Base */ = {isa = PBXFileReference; lastKnownFileType = file.xib; name = Base; path = Base.lproj/LaunchScreen.xib; sourceTree = "<group>"; };
		9DCD54141C0D549F00884627 /* iOS Final ProjectTests.xctest */ = {isa = PBXFileReference; explicitFileType = wrapper.cfbundle; includeInIndex = 0; path = "iOS Final ProjectTests.xctest"; sourceTree = BUILT_PRODUCTS_DIR; };
		9DCD54191C0D549F00884627 /* Info.plist */ = {isa = PBXFileReference; lastKnownFileType = text.plist.xml; path = Info.plist; sourceTree = "<group>"; };
		9DCD541A1C0D549F00884627 /* iOS_Final_ProjectTests.swift */ = {isa = PBXFileReference; lastKnownFileType = sourcecode.swift; path = iOS_Final_ProjectTests.swift; sourceTree = "<group>"; };
/* End PBXFileReference section */

/* Begin PBXFrameworksBuildPhase section */
		9DCD53F91C0D549F00884627 /* Frameworks */ = {
			isa = PBXFrameworksBuildPhase;
			buildActionMask = 2147483647;
			files = (
			);
			runOnlyForDeploymentPostprocessing = 0;
		};
		9DCD54111C0D549F00884627 /* Frameworks */ = {
			isa = PBXFrameworksBuildPhase;
			buildActionMask = 2147483647;
			files = (
			);
			runOnlyForDeploymentPostprocessing = 0;
		};
/* End PBXFrameworksBuildPhase section */

/* Begin PBXGroup section */
		9DCD53F31C0D549F00884627 = {
			isa = PBXGroup;
			children = (
				9DCD53FE1C0D549F00884627 /* iOS Final Project */,
				9DCD54171C0D549F00884627 /* iOS Final ProjectTests */,
				9DCD53FD1C0D549F00884627 /* Products */,
			);
			sourceTree = "<group>";
		};
		9DCD53FD1C0D549F00884627 /* Products */ = {
			isa = PBXGroup;
			children = (
				9DCD53FC1C0D549F00884627 /* iOS Final Project.app */,
				9DCD54141C0D549F00884627 /* iOS Final ProjectTests.xctest */,
			);
			name = Products;
			sourceTree = "<group>";
		};
		9DCD53FE1C0D549F00884627 /* iOS Final Project */ = {
			isa = PBXGroup;
			children = (
				9D87F5031C10FDC600A310A1 /* AddListController.swift */,
				9DCD54011C0D549F00884627 /* AppDelegate.swift */,
				9DCD540B1C0D549F00884627 /* Images.xcassets */,
				9D8421AC1C0F656A0022D9A0 /* IMDbAPI.swift */,
				9DCD54031C0D549F00884627 /* iOS_Final_Project.xcdatamodeld */,
				9DCD540D1C0D549F00884627 /* LaunchScreen.xib */,
				9D87F4F91C10DE2900A310A1 /* List.swift */,
				9D5CE2DE1C121B840021BE0C /* ListDetailViewController.swift */,
				9D5CE2E11C1235950021BE0C /* ListMovieCell.swift */,
				9D5CE2E51C1235A10021BE0C /* ListMovieCell.xib */,
				9D87F4F71C10DE0600A310A1 /* ListsManager.swift */,
				9D87F4FD1C10E18800A310A1 /* ListsTableController.swift */,
				9D5CE2E41C1235A10021BE0C /* LoadingCell.xib */,
				9DCD54081C0D549F00884627 /* Main.storyboard */,
				9D87F4FF1C10EAAE00A310A1 /* Movie.swift */,
				9D5CE2E01C1235950021BE0C /* NothingFoundCell.xib */,
				9D5CE2E81C15FCDB0021BE0C /* RottenTomatoesWebViewController.swift */,
				9DCD54061C0D549F00884627 /* SearchViewController.swift */,
				9DCD53FF1C0D549F00884627 /* Supporting Files */,
			);
			path = "iOS Final Project";
			sourceTree = "<group>";
		};
		9DCD53FF1C0D549F00884627 /* Supporting Files */ = {
			isa = PBXGroup;
			children = (
				9DCD54001C0D549F00884627 /* Info.plist */,
			);
			name = "Supporting Files";
			sourceTree = "<group>";
		};
		9DCD54171C0D549F00884627 /* iOS Final ProjectTests */ = {
			isa = PBXGroup;
			children = (
				9DCD541A1C0D549F00884627 /* iOS_Final_ProjectTests.swift */,
				9DCD54181C0D549F00884627 /* Supporting Files */,
			);
			path = "iOS Final ProjectTests";
			sourceTree = "<group>";
		};
		9DCD54181C0D549F00884627 /* Supporting Files */ = {
			isa = PBXGroup;
			children = (
				9DCD54191C0D549F00884627 /* Info.plist */,
			);
			name = "Supporting Files";
			sourceTree = "<group>";
		};
/* End PBXGroup section */

/* Begin PBXNativeTarget section */
		9DCD53FB1C0D549F00884627 /* iOS Final Project */ = {
			isa = PBXNativeTarget;
			buildConfigurationList = 9DCD541E1C0D549F00884627 /* Build configuration list for PBXNativeTarget "iOS Final Project" */;
			buildPhases = (
				9DCD53F81C0D549F00884627 /* Sources */,
				9DCD53F91C0D549F00884627 /* Frameworks */,
				9DCD53FA1C0D549F00884627 /* Resources */,
			);
			buildRules = (
			);
			dependencies = (
			);
			name = "iOS Final Project";
			productName = "iOS Final Project";
			productReference = 9DCD53FC1C0D549F00884627 /* iOS Final Project.app */;
			productType = "com.apple.product-type.application";
		};
		9DCD54131C0D549F00884627 /* iOS Final ProjectTests */ = {
			isa = PBXNativeTarget;
			buildConfigurationList = 9DCD54211C0D549F00884627 /* Build configuration list for PBXNativeTarget "iOS Final ProjectTests" */;
			buildPhases = (
				9DCD54101C0D549F00884627 /* Sources */,
				9DCD54111C0D549F00884627 /* Frameworks */,
				9DCD54121C0D549F00884627 /* Resources */,
			);
			buildRules = (
			);
			dependencies = (
				9DCD54161C0D549F00884627 /* PBXTargetDependency */,
			);
			name = "iOS Final ProjectTests";
			productName = "iOS Final ProjectTests";
			productReference = 9DCD54141C0D549F00884627 /* iOS Final ProjectTests.xctest */;
			productType = "com.apple.product-type.bundle.unit-test";
		};
/* End PBXNativeTarget section */

/* Begin PBXProject section */
		9DCD53F41C0D549F00884627 /* Project object */ = {
			isa = PBXProject;
			attributes = {
				LastUpgradeCheck = 0630;
				ORGANIZATIONNAME = "Angela Liu";
				TargetAttributes = {
					9DCD53FB1C0D549F00884627 = {
						CreatedOnToolsVersion = 6.3.1;
					};
					9DCD54131C0D549F00884627 = {
						CreatedOnToolsVersion = 6.3.1;
						TestTargetID = 9DCD53FB1C0D549F00884627;
					};
				};
			};
			buildConfigurationList = 9DCD53F71C0D549F00884627 /* Build configuration list for PBXProject "iOS Final Project" */;
			compatibilityVersion = "Xcode 3.2";
			developmentRegion = English;
			hasScannedForEncodings = 0;
			knownRegions = (
				en,
				Base,
			);
			mainGroup = 9DCD53F31C0D549F00884627;
			productRefGroup = 9DCD53FD1C0D549F00884627 /* Products */;
			projectDirPath = "";
			projectRoot = "";
			targets = (
				9DCD53FB1C0D549F00884627 /* iOS Final Project */,
				9DCD54131C0D549F00884627 /* iOS Final ProjectTests */,
			);
		};
/* End PBXProject section */

/* Begin PBXResourcesBuildPhase section */
		9DCD53FA1C0D549F00884627 /* Resources */ = {
			isa = PBXResourcesBuildPhase;
			buildActionMask = 2147483647;
			files = (
				9D5CE2E21C1235950021BE0C /* NothingFoundCell.xib in Resources */,
				9D5CE2E71C1235A10021BE0C /* ListMovieCell.xib in Resources */,
				9DCD540A1C0D549F00884627 /* Main.storyboard in Resources */,
				9DCD540F1C0D549F00884627 /* LaunchScreen.xib in Resources */,
				9D5CE2E61C1235A10021BE0C /* LoadingCell.xib in Resources */,
				9DCD540C1C0D549F00884627 /* Images.xcassets in Resources */,
			);
			runOnlyForDeploymentPostprocessing = 0;
		};
		9DCD54121C0D549F00884627 /* Resources */ = {
			isa = PBXResourcesBuildPhase;
			buildActionMask = 2147483647;
			files = (
			);
			runOnlyForDeploymentPostprocessing = 0;
		};
/* End PBXResourcesBuildPhase section */

/* Begin PBXSourcesBuildPhase section */
		9DCD53F81C0D549F00884627 /* Sources */ = {
			isa = PBXSourcesBuildPhase;
			buildActionMask = 2147483647;
			files = (
				9DCD54071C0D549F00884627 /* SearchViewController.swift in Sources */,
				9D87F5041C10FDC600A310A1 /* AddListController.swift in Sources */,
				9D87F4F81C10DE0600A310A1 /* ListsManager.swift in Sources */,
				9DCD54051C0D549F00884627 /* iOS_Final_Project.xcdatamodeld in Sources */,
				9D8421AD1C0F656A0022D9A0 /* IMDbAPI.swift in Sources */,
				9D87F4FE1C10E18800A310A1 /* ListsTableController.swift in Sources */,
				9D5CE2DF1C121B840021BE0C /* ListDetailViewController.swift in Sources */,
				9DCD54021C0D549F00884627 /* AppDelegate.swift in Sources */,
				9D87F5001C10EAAE00A310A1 /* Movie.swift in Sources */,
				9D5CE2E91C15FCDB0021BE0C /* RottenTomatoesWebViewController.swift in Sources */,
				9D5CE2E31C1235950021BE0C /* ListMovieCell.swift in Sources */,
				9D87F4FA1C10DE2900A310A1 /* List.swift in Sources */,
			);
			runOnlyForDeploymentPostprocessing = 0;
		};
		9DCD54101C0D549F00884627 /* Sources */ = {
			isa = PBXSourcesBuildPhase;
			buildActionMask = 2147483647;
			files = (
				9DCD541B1C0D549F00884627 /* iOS_Final_ProjectTests.swift in Sources */,
			);
			runOnlyForDeploymentPostprocessing = 0;
		};
/* End PBXSourcesBuildPhase section */

/* Begin PBXTargetDependency section */
		9DCD54161C0D549F00884627 /* PBXTargetDependency */ = {
			isa = PBXTargetDependency;
			target = 9DCD53FB1C0D549F00884627 /* iOS Final Project */;
			targetProxy = 9DCD54151C0D549F00884627 /* PBXContainerItemProxy */;
		};
/* End PBXTargetDependency section */

/* Begin PBXVariantGroup section */
		9DCD54081C0D549F00884627 /* Main.storyboard */ = {
			isa = PBXVariantGroup;
			children = (
				9DCD54091C0D549F00884627 /* Base */,
			);
			name = Main.storyboard;
			sourceTree = "<group>";
		};
		9DCD540D1C0D549F00884627 /* LaunchScreen.xib */ = {
			isa = PBXVariantGroup;
			children = (
				9DCD540E1C0D549F00884627 /* Base */,
			);
			name = LaunchScreen.xib;
			sourceTree = "<group>";
		};
/* End PBXVariantGroup section */

/* Begin XCBuildConfiguration section */
		9DCD541C1C0D549F00884627 /* Debug */ = {
			isa = XCBuildConfiguration;
			buildSettings = {
				ALWAYS_SEARCH_USER_PATHS = NO;
				CLANG_CXX_LANGUAGE_STANDARD = "gnu++0x";
				CLANG_CXX_LIBRARY = "libc++";
				CLANG_ENABLE_MODULES = YES;
				CLANG_ENABLE_OBJC_ARC = YES;
				CLANG_WARN_BOOL_CONVERSION = YES;
				CLANG_WARN_CONSTANT_CONVERSION = YES;
				CLANG_WARN_DIRECT_OBJC_ISA_USAGE = YES_ERROR;
				CLANG_WARN_EMPTY_BODY = YES;
				CLANG_WARN_ENUM_CONVERSION = YES;
				CLANG_WARN_INT_CONVERSION = YES;
				CLANG_WARN_OBJC_ROOT_CLASS = YES_ERROR;
				CLANG_WARN_UNREACHABLE_CODE = YES;
				CLANG_WARN__DUPLICATE_METHOD_MATCH = YES;
				"CODE_SIGN_IDENTITY[sdk=iphoneos*]" = "iPhone Developer";
				COPY_PHASE_STRIP = NO;
				DEBUG_INFORMATION_FORMAT = "dwarf-with-dsym";
				ENABLE_STRICT_OBJC_MSGSEND = YES;
				GCC_C_LANGUAGE_STANDARD = gnu99;
				GCC_DYNAMIC_NO_PIC = NO;
				GCC_NO_COMMON_BLOCKS = YES;
				GCC_OPTIMIZATION_LEVEL = 0;
				GCC_PREPROCESSOR_DEFINITIONS = (
					"DEBUG=1",
					"$(inherited)",
				);
				GCC_SYMBOLS_PRIVATE_EXTERN = NO;
				GCC_WARN_64_TO_32_BIT_CONVERSION = YES;
				GCC_WARN_ABOUT_RETURN_TYPE = YES_ERROR;
				GCC_WARN_UNDECLARED_SELECTOR = YES;
				GCC_WARN_UNINITIALIZED_AUTOS = YES_AGGRESSIVE;
				GCC_WARN_UNUSED_FUNCTION = YES;
				GCC_WARN_UNUSED_VARIABLE = YES;
				IPHONEOS_DEPLOYMENT_TARGET = 8.3;
				MTL_ENABLE_DEBUG_INFO = YES;
				ONLY_ACTIVE_ARCH = YES;
				SDKROOT = iphoneos;
				SWIFT_OPTIMIZATION_LEVEL = "-Onone";
				TARGETED_DEVICE_FAMILY = "1,2";
			};
			name = Debug;
		};
		9DCD541D1C0D549F00884627 /* Release */ = {
			isa = XCBuildConfiguration;
			buildSettings = {
				ALWAYS_SEARCH_USER_PATHS = NO;
				CLANG_CXX_LANGUAGE_STANDARD = "gnu++0x";
				CLANG_CXX_LIBRARY = "libc++";
				CLANG_ENABLE_MODULES = YES;
				CLANG_ENABLE_OBJC_ARC = YES;
				CLANG_WARN_BOOL_CONVERSION = YES;
				CLANG_WARN_CONSTANT_CONVERSION = YES;
				CLANG_WARN_DIRECT_OBJC_ISA_USAGE = YES_ERROR;
				CLANG_WARN_EMPTY_BODY = YES;
				CLANG_WARN_ENUM_CONVERSION = YES;
				CLANG_WARN_INT_CONVERSION = YES;
				CLANG_WARN_OBJC_ROOT_CLASS = YES_ERROR;
				CLANG_WARN_UNREACHABLE_CODE = YES;
				CLANG_WARN__DUPLICATE_METHOD_MATCH = YES;
				"CODE_SIGN_IDENTITY[sdk=iphoneos*]" = "iPhone Developer";
				COPY_PHASE_STRIP = NO;
				DEBUG_INFORMATION_FORMAT = "dwarf-with-dsym";
				ENABLE_NS_ASSERTIONS = NO;
				ENABLE_STRICT_OBJC_MSGSEND = YES;
				GCC_C_LANGUAGE_STANDARD = gnu99;
				GCC_NO_COMMON_BLOCKS = YES;
				GCC_WARN_64_TO_32_BIT_CONVERSION = YES;
				GCC_WARN_ABOUT_RETURN_TYPE = YES_ERROR;
				GCC_WARN_UNDECLARED_SELECTOR = YES;
				GCC_WARN_UNINITIALIZED_AUTOS = YES_AGGRESSIVE;
				GCC_WARN_UNUSED_FUNCTION = YES;
				GCC_WARN_UNUSED_VARIABLE = YES;
				IPHONEOS_DEPLOYMENT_TARGET = 8.3;
				MTL_ENABLE_DEBUG_INFO = NO;
				SDKROOT = iphoneos;
				TARGETED_DEVICE_FAMILY = "1,2";
				VALIDATE_PRODUCT = YES;
			};
			name = Release;
		};
		9DCD541F1C0D549F00884627 /* Debug */ = {
			isa = XCBuildConfiguration;
			buildSettings = {
				ASSETCATALOG_COMPILER_APPICON_NAME = AppIcon;
				INFOPLIST_FILE = "iOS Final Project/Info.plist";
				LD_RUNPATH_SEARCH_PATHS = "$(inherited) @executable_path/Frameworks";
				PRODUCT_NAME = "$(TARGET_NAME)";
			};
			name = Debug;
		};
		9DCD54201C0D549F00884627 /* Release */ = {
			isa = XCBuildConfiguration;
			buildSettings = {
				ASSETCATALOG_COMPILER_APPICON_NAME = AppIcon;
				INFOPLIST_FILE = "iOS Final Project/Info.plist";
				LD_RUNPATH_SEARCH_PATHS = "$(inherited) @executable_path/Frameworks";
				PRODUCT_NAME = "$(TARGET_NAME)";
			};
			name = Release;
		};
		9DCD54221C0D549F00884627 /* Debug */ = {
			isa = XCBuildConfiguration;
			buildSettings = {
				BUNDLE_LOADER = "$(TEST_HOST)";
				FRAMEWORK_SEARCH_PATHS = (
					"$(SDKROOT)/Developer/Library/Frameworks",
					"$(inherited)",
				);
				GCC_PREPROCESSOR_DEFINITIONS = (
					"DEBUG=1",
					"$(inherited)",
				);
				INFOPLIST_FILE = "iOS Final ProjectTests/Info.plist";
				LD_RUNPATH_SEARCH_PATHS = "$(inherited) @executable_path/Frameworks @loader_path/Frameworks";
				PRODUCT_NAME = "$(TARGET_NAME)";
				TEST_HOST = "$(BUILT_PRODUCTS_DIR)/iOS Final Project.app/iOS Final Project";
			};
			name = Debug;
		};
		9DCD54231C0D549F00884627 /* Release */ = {
			isa = XCBuildConfiguration;
			buildSettings = {
				BUNDLE_LOADER = "$(TEST_HOST)";
				FRAMEWORK_SEARCH_PATHS = (
					"$(SDKROOT)/Developer/Library/Frameworks",
					"$(inherited)",
				);
				INFOPLIST_FILE = "iOS Final ProjectTests/Info.plist";
				LD_RUNPATH_SEARCH_PATHS = "$(inherited) @executable_path/Frameworks @loader_path/Frameworks";
				PRODUCT_NAME = "$(TARGET_NAME)";
				TEST_HOST = "$(BUILT_PRODUCTS_DIR)/iOS Final Project.app/iOS Final Project";
			};
			name = Release;
		};
/* End XCBuildConfiguration section */

/* Begin XCConfigurationList section */
		9DCD53F71C0D549F00884627 /* Build configuration list for PBXProject "iOS Final Project" */ = {
			isa = XCConfigurationList;
			buildConfigurations = (
				9DCD541C1C0D549F00884627 /* Debug */,
				9DCD541D1C0D549F00884627 /* Release */,
			);
			defaultConfigurationIsVisible = 0;
			defaultConfigurationName = Release;
		};
		9DCD541E1C0D549F00884627 /* Build configuration list for PBXNativeTarget "iOS Final Project" */ = {
			isa = XCConfigurationList;
			buildConfigurations = (
				9DCD541F1C0D549F00884627 /* Debug */,
				9DCD54201C0D549F00884627 /* Release */,
			);
			defaultConfigurationIsVisible = 0;
			defaultConfigurationName = Release;
		};
		9DCD54211C0D549F00884627 /* Build configuration list for PBXNativeTarget "iOS Final ProjectTests" */ = {
			isa = XCConfigurationList;
			buildConfigurations = (
				9DCD54221C0D549F00884627 /* Debug */,
				9DCD54231C0D549F00884627 /* Release */,
			);
			defaultConfigurationIsVisible = 0;
			defaultConfigurationName = Release;
		};
/* End XCConfigurationList section */

/* Begin XCVersionGroup section */
		9DCD54031C0D549F00884627 /* iOS_Final_Project.xcdatamodeld */ = {
			isa = XCVersionGroup;
			children = (
				9DCD54041C0D549F00884627 /* iOS_Final_Project.xcdatamodel */,
			);
			currentVersion = 9DCD54041C0D549F00884627 /* iOS_Final_Project.xcdatamodel */;
			path = iOS_Final_Project.xcdatamodeld;
			sourceTree = "<group>";
			versionGroupType = wrapper.xcdatamodel;
		};
/* End XCVersionGroup section */
	};
	rootObject = 9DCD53F41C0D549F00884627 /* Project object */;
}
